
Microsoft Visual Studio Solution File, Format Version 12.00
# Visual Studio Version 16
VisualStudioVersion = 16.0.32228.343
MinimumVisualStudioVersion = 10.0.40219.1
Project("{FAE04EC0-301F-11D3-BF4B-00C04F79EFBC}") = "FileStream.Core", "FIleStream.Core\FileStream.Core.csproj", "{2E4041F4-C127-4D5E-897D-3E754FA16E0B}"
EndProject
Global
	GlobalSection(SolutionConfigurationPlatforms) = preSolution
		Debug|Any CPU = Debug|Any CPU
		Release|Any CPU = Release|Any CPU
	EndGlobalSection
	GlobalSection(ProjectConfigurationPlatforms) = postSolution
		{2E4041F4-C127-4D5E-897D-3E754FA16E0B}.Debug|Any CPU.ActiveCfg = Debug|Any CPU
		{2E4041F4-C127-4D5E-897D-3E754FA16E0B}.Debug|Any CPU.Build.0 = Debug|Any CPU
		{2E4041F4-C127-4D5E-897D-3E754FA16E0B}.Release|Any CPU.ActiveCfg = Release|Any CPU
		{2E4041F4-C127-4D5E-897D-3E754FA16E0B}.Release|Any CPU.Build.0 = Release|Any CPU
	EndGlobalSection
	GlobalSection(SolutionProperties) = preSolution
		HideSolutionNode = FALSE
	EndGlobalSection
	GlobalSection(ExtensibilityGlobals) = postSolution
		SolutionGuid = {352FAC7E-8C64-4127-87D1-34C382A58D89}
	EndGlobalSection
EndGlobal
